{
  "name": "webhook-router",
  "version": "0.1.0",
  "lockfileVersion": 1,
  "requires": true,
  "dependencies": {
    "@types/argparse": {
      "version": "1.0.33",
      "resolved": "https://registry.npmjs.org/@types/argparse/-/argparse-1.0.33.tgz",
      "integrity": "sha512-VQgHxyPMTj3hIlq9SY1mctqx+Jj8kpQfoLvDlVSDNOyuYs8JYfkuY3OW/4+dO657yPmNhHpePRx0/Tje5ImNVQ==",
      "dev": true
    },
    "@types/async": {
      "version": "2.0.45",
      "resolved": "https://registry.npmjs.org/@types/async/-/async-2.0.45.tgz",
      "integrity": "sha512-Gul4iUqYqrQQypJpwjqR24dcgJAAjvwncznGBGrINmcz73eHLWkmE8/YGAo4Dr0ADKBCBlkA+f58plzFIh6XAA==",
      "dev": true
    },
    "@types/http-proxy": {
      "version": "1.12.1",
      "resolved": "https://registry.npmjs.org/@types/http-proxy/-/http-proxy-1.12.1.tgz",
      "integrity": "sha512-l5OZ8aMZQF1j620+bUGvWT9cjLoxP8bA/wi36xLkNyNLlM9huIVije21hjsbq1NEVJCt0wZpASsDKP0V6EM3FQ==",
      "dev": true,
      "requires": {
        "@types/node": "8.0.33"
      }
    },
    "@types/jasmine": {
      "version": "2.6.0",
      "resolved": "https://registry.npmjs.org/@types/jasmine/-/jasmine-2.6.0.tgz",
      "integrity": "sha512-1ZZdFvYA5zARDXPj5+VF0bwDZWH/o0QQWJVDc5srdC/DngcCZXskR33eR/4PielGvBjLQpQOd6KiQbmtqVkeZA==",
      "dev": true
    },
    "@types/lodash": {
      "version": "4.14.84",
      "resolved": "https://registry.npmjs.org/@types/lodash/-/lodash-4.14.84.tgz",
      "integrity": "sha512-/H8XP/MynVa/drNZGcOanbERIjojY67svoMQTXGWTJvos2iy210HoSZHSllbVJhh8e50kok4dFmCi1Qj9kBPFg==",
      "dev": true
    },
    "@types/node": {
      "version": "8.0.33",
      "resolved": "https://registry.npmjs.org/@types/node/-/node-8.0.33.tgz",
      "integrity": "sha512-vmCdO8Bm1ExT+FWfC9sd9r4jwqM7o97gGy2WBshkkXbf/2nLAJQUrZfIhw27yVOtLUev6kSZc4cav/46KbDd8A==",
      "dev": true
    },
    "@types/ratelimiter": {
      "version": "2.1.28",
      "resolved": "https://registry.npmjs.org/@types/ratelimiter/-/ratelimiter-2.1.28.tgz",
      "integrity": "sha1-z2Nx5tmx0jbj8LJYiabVKu0uDiI=",
      "dev": true,
      "requires": {
        "@types/redis": "2.8.1"
      }
    },
    "@types/redis": {
      "version": "2.8.1",
      "resolved": "https://registry.npmjs.org/@types/redis/-/redis-2.8.1.tgz",
      "integrity": "sha512-MaGX8P0LwvZsh7n7HF3cVTGs0dP0kOUgbJM05d+h4laSsUm5M0KpIvBwevPto3qTyUre5K2mxJuGYMhINxLTzQ==",
      "dev": true,
      "requires": {
        "@types/node": "8.0.33"
      }
    },
    "@types/winston": {
      "version": "2.3.7",
      "resolved": "https://registry.npmjs.org/@types/winston/-/winston-2.3.7.tgz",
      "integrity": "sha512-jNhbkxPtt9xbzvihfA0OavjJbpCIyTDSmwE03BVXgCKcz9lwNsq4cg2wsNkY4Av5eH35ttBArhYtVJa6CIrg2A==",
      "dev": true,
      "requires": {
        "@types/node": "8.0.33"
      }
    },
    "argparse": {
      "version": "1.0.9",
      "resolved": "https://registry.npmjs.org/argparse/-/argparse-1.0.9.tgz",
      "integrity": "sha1-c9g7wmP4bpf4zE9rrhsOkKfSLIY=",
      "requires": {
        "sprintf-js": "1.0.3"
      }
    },
    "array-flatten": {
      "version": "2.1.1",
      "resolved": "https://registry.npmjs.org/array-flatten/-/array-flatten-2.1.1.tgz",
      "integrity": "sha1-Qmu52oQJDBg42BLIFQryCoMx4pY="
    },
    "axios": {
      "version": "0.17.0",
      "resolved": "https://registry.npmjs.org/axios/-/axios-0.17.0.tgz",
      "integrity": "sha1-fadHkW24A/dhZR1gkdcIeJuVPGo=",
      "requires": {
        "follow-redirects": "1.2.5",
        "is-buffer": "1.1.6"
      }
    },
    "backoff": {
      "version": "2.3.0",
      "resolved": "https://registry.npmjs.org/backoff/-/backoff-2.3.0.tgz",
      "integrity": "sha1-7nx+OAk/kuRyhZ22NedlJFT8Ieo="
    },
    "colors": {
      "version": "1.0.3",
      "resolved": "https://registry.npmjs.org/colors/-/colors-1.0.3.tgz",
      "integrity": "sha1-BDP0TYCWgP3rYO0mDxsMJi6CpAs="
    },
    "cycle": {
      "version": "1.0.3",
      "resolved": "https://registry.npmjs.org/cycle/-/cycle-1.0.3.tgz",
      "integrity": "sha1-IegLK+hYD5i0aPN5QwZisEbDStI="
    },
    "debug": {
      "version": "2.6.9",
      "resolved": "https://registry.npmjs.org/debug/-/debug-2.6.9.tgz",
      "integrity": "sha512-bC7ElrdJaJnPbAP+1EotYvqZsb3ecl5wi6Bfi6BJTUcNowp6cvspg0jXznRTKDjm/E7AdgFBVeAPVMNcKGsHMA==",
      "requires": {
        "ms": "2.0.0"
      }
    },
    "distributions": {
      "version": "1.0.0",
      "resolved": "https://registry.npmjs.org/distributions/-/distributions-1.0.0.tgz",
      "integrity": "sha1-FkZuZ2338xGSmUHT1/AgEEZmcak=",
      "dev": true,
      "requires": {
        "mathfn": "1.0.0"
      }
    },
    "eventemitter3": {
      "version": "1.2.0",
      "resolved": "https://registry.npmjs.org/eventemitter3/-/eventemitter3-1.2.0.tgz",
      "integrity": "sha1-HIaZHYFq0eUEdQ5zh0Ik7PO+xQg="
    },
    "eyes": {
      "version": "0.1.8",
      "resolved": "https://registry.npmjs.org/eyes/-/eyes-0.1.8.tgz",
      "integrity": "sha1-Ys8SAjTGg3hdkCNIqADvPgzCC8A="
    },
    "follow-redirects": {
      "version": "1.2.5",
      "resolved": "https://registry.npmjs.org/follow-redirects/-/follow-redirects-1.2.5.tgz",
      "integrity": "sha512-lMhwQTryFbG+wYsAIEKC1Kf5IGDlVNnONRogIBllh7LLoV7pNIxW0z9fhjRar9NBql+hd2Y49KboVVNxf6GEfg==",
      "requires": {
        "debug": "2.6.9"
      }
    },
    "http-proxy": {
      "version": "1.16.2",
      "resolved": "https://registry.npmjs.org/http-proxy/-/http-proxy-1.16.2.tgz",
      "integrity": "sha1-Bt/ykpUr9k2+hHH6nfcwZtTzd0I=",
      "requires": {
        "eventemitter3": "1.2.0",
        "requires-port": "1.0.0"
      }
    },
    "is-buffer": {
      "version": "1.1.6",
      "resolved": "https://registry.npmjs.org/is-buffer/-/is-buffer-1.1.6.tgz",
      "integrity": "sha512-NcdALwpXkTm5Zvvbk7owOUSvVvBKDgKP5/ewfXEznmQFfs4ZRmanOeKBTjRVjka3QFoN6XJ+9F3USqfHqTaU5w=="
    },
    "isstream": {
      "version": "0.1.2",
      "resolved": "https://registry.npmjs.org/isstream/-/isstream-0.1.2.tgz",
      "integrity": "sha1-R+Y/evVa+m+S4VAOaQ64uFKcCZo="
    },
    "lodash": {
      "version": "4.17.4",
      "resolved": "https://registry.npmjs.org/lodash/-/lodash-4.17.4.tgz",
      "integrity": "sha1-eCA6TRwyiuHYbcpkYONptX9AVa4=",
      "dev": true
    },
    "logstash-client": {
      "version": "1.1.1",
      "resolved": "https://registry.npmjs.org/logstash-client/-/logstash-client-1.1.1.tgz",
      "integrity": "sha1-uplqGXbDdWM1zMBrJhH2sSD0b5I=",
      "requires": {
        "debug": "2.6.9",
        "reconnect-net": "0.0.0"
      }
    },
    "mathfn": {
      "version": "1.0.0",
      "resolved": "https://registry.npmjs.org/mathfn/-/mathfn-1.0.0.tgz",
      "integrity": "sha1-6qYPKqgtZ8eUkBh0i3S3BgOID64=",
      "dev": true
    },
    "methods": {
      "version": "1.1.2",
      "resolved": "https://registry.npmjs.org/methods/-/methods-1.1.2.tgz",
      "integrity": "sha1-VSmk1nZUE07cxSZmVoNbD4Ua/O4="
    },
    "ms": {
      "version": "2.0.0",
      "resolved": "https://registry.npmjs.org/ms/-/ms-2.0.0.tgz",
      "integrity": "sha1-VgiurfwAvmwpAd9fmGF4jeDVl8g="
    },
    "parseurl": {
      "version": "1.3.2",
      "resolved": "https://registry.npmjs.org/parseurl/-/parseurl-1.3.2.tgz",
      "integrity": "sha1-/CidTtiZMRlGDBViUyYs3I3mW/M="
    },
    "path-to-regexp": {
      "version": "0.1.7",
      "resolved": "https://registry.npmjs.org/path-to-regexp/-/path-to-regexp-0.1.7.tgz",
      "integrity": "sha1-32BBeABfUi8V60SQ5yR6G/qmf4w="
    },
    "ratelimiter": {
      "version": "3.0.3",
      "resolved": "https://registry.npmjs.org/ratelimiter/-/ratelimiter-3.0.3.tgz",
      "integrity": "sha1-bbyliwVCLyoI4iTUujoM+4bDCWY="
    },
    "reconnect-core": {
      "version": "0.0.1",
      "resolved": "https://registry.npmjs.org/reconnect-core/-/reconnect-core-0.0.1.tgz",
      "integrity": "sha1-2ji4+KKr3gn4A7N5QjbT/K3TE7M=",
      "requires": {
        "backoff": "2.3.0"
      }
    },
    "reconnect-net": {
      "version": "0.0.0",
      "resolved": "https://registry.npmjs.org/reconnect-net/-/reconnect-net-0.0.0.tgz",
      "integrity": "sha1-cY5+0kWEHjxO1oYj/0iDuD4sxqU=",
      "requires": {
        "reconnect-core": "0.0.1"
      }
    },
    "requires-port": {
      "version": "1.0.0",
      "resolved": "https://registry.npmjs.org/requires-port/-/requires-port-1.0.0.tgz",
      "integrity": "sha1-kl0mAdOaxIXgkc8NpcbmlNw9yv8="
    },
    "router": {
      "version": "1.3.2",
      "resolved": "https://registry.npmjs.org/router/-/router-1.3.2.tgz",
      "integrity": "sha1-v6oWiIpSg9XuQNmZ2nqfoVKWpgw=",
      "requires": {
        "array-flatten": "2.1.1",
        "debug": "2.6.9",
        "methods": "1.1.2",
        "parseurl": "1.3.2",
        "path-to-regexp": "0.1.7",
        "setprototypeof": "1.1.0",
        "utils-merge": "1.0.1"
      }
    },
    "setprototypeof": {
      "version": "1.1.0",
      "resolved": "https://registry.npmjs.org/setprototypeof/-/setprototypeof-1.1.0.tgz",
      "integrity": "sha512-BvE/TwpZX4FXExxOxZyRGQQv651MSwmWKZGqvmPcRIjDqWub67kTKuIMx43cZZrS/cBBzwBcNDWoFxt2XEFIpQ=="
    },
    "sprintf-js": {
      "version": "1.0.3",
      "resolved": "https://registry.npmjs.org/sprintf-js/-/sprintf-js-1.0.3.tgz",
      "integrity": "sha1-BOaSb2YolTVPPdAVIDYzuFcpfiw="
    },
    "stack-trace": {
      "version": "0.0.10",
      "resolved": "https://registry.npmjs.org/stack-trace/-/stack-trace-0.0.10.tgz",
      "integrity": "sha1-VHxws0fo0ytOEI6hoqFZ5f3eGcA="
    },
    "summary": {
      "version": "0.3.2",
      "resolved": "https://registry.npmjs.org/summary/-/summary-0.3.2.tgz",
      "integrity": "sha1-PXQ5sw2rNEnf1mhAqCKDjUpKhWE=",
      "dev": true
    },
    "ttest": {
      "version": "1.1.0",
      "resolved": "https://registry.npmjs.org/ttest/-/ttest-1.1.0.tgz",
      "integrity": "sha1-YV3Eyupy0JAj1H0eo4ja1CRGLkM=",
      "dev": true,
      "requires": {
        "distributions": "1.0.0",
        "summary": "0.3.2"
      }
    },
    "typescript": {
      "version": "2.5.3",
      "resolved": "https://registry.npmjs.org/typescript/-/typescript-2.5.3.tgz",
      "integrity": "sha512-ptLSQs2S4QuS6/OD1eAKG+S5G8QQtrU5RT32JULdZQtM1L3WTi34Wsu48Yndzi8xsObRAB9RPt/KhA9wlpEF6w==",
      "dev": true
    },
    "utils-merge": {
      "version": "1.0.1",
      "resolved": "https://registry.npmjs.org/utils-merge/-/utils-merge-1.0.1.tgz",
      "integrity": "sha1-n5VxD1CiZ5R7LMwSR0HBAoQn5xM="
    },
    "winston": {
      "version": "2.4.0",
      "resolved": "https://registry.npmjs.org/winston/-/winston-2.4.0.tgz",
      "integrity": "sha1-gIBQuT1SZh7Z+2wms/DIJnCLCu4=",
      "requires": {
        "async": "1.0.0",
        "colors": "1.0.3",
        "cycle": "1.0.3",
        "eyes": "0.1.8",
        "isstream": "0.1.2",
        "stack-trace": "0.0.10"
      },
      "dependencies": {
        "async": {
          "version": "1.0.0",
          "resolved": "https://registry.npmjs.org/async/-/async-1.0.0.tgz",
          "integrity": "sha1-+PwEyjoTeErenhZBr5hXjPvWR6k="
        }
      }
    }
  }
}
